
Microsoft Visual Studio Solution File, Format Version 12.00
# Visual Studio Version 17
VisualStudioVersion = 17.14.37710.0 d17.14
MinimumVisualStudioVersion = 10.0.40219.1
Project("{FAE04EC0-301F-11D3-BF4B-00C04F79EFBC}") = "reforzamiento_primer_parcial", "reforzamiento_primer_parcial\reforzamiento_primer_parcial.csproj", "{65274FD4-2AA8-4F4D-A39E-D313DC8EE7D5}"
EndProject
Global
	GlobalSection(SolutionConfigurationPlatforms) = preSolution
		Debug|Any CPU = Debug|Any CPU
		Release|Any CPU = Release|Any CPU
	EndGlobalSection
	GlobalSection(ProjectConfigurationPlatforms) = postSolution
		{65274FD4-2AA8-4F4D-A39E-D313DC8EE7D5}.Debug|Any CPU.ActiveCfg = Debug|Any CPU
		{65274FD4-2AA8-4F4D-A39E-D313DC8EE7D5}.Debug|Any CPU.Build.0 = Debug|Any CPU
		{65274FD4-2AA8-4F4D-A39E-D313DC8EE7D5}.Release|Any CPU.ActiveCfg = Release|Any CPU
		{65274FD4-2AA8-4F4D-A39E-D313DC8EE7D5}.Release|Any CPU.Build.0 = Release|Any CPU
	EndGlobalSection
	GlobalSection(SolutionProperties) = preSolution
		HideSolutionNode = FALSE
	EndGlobalSection
	GlobalSection(ExtensibilityGlobals) = postSolution
		SolutionGuid = {2DFA1D57-CCA0-4A52-971F-9FEA11565831}
	EndGlobalSection
EndGlobal
